
Microsoft Visual Studio Solution File, Format Version 12.00
# Visual Studio Version 17
VisualStudioVersion = 17.14.36408.4 d17.14
MinimumVisualStudioVersion = 10.0.40219.1
Project("{FAE04EC0-301F-11D3-BF4B-00C04F79EFBC}") = "E-Commerce.web", "E-Commerce.web\E-Commerce.web.csproj", "{0067135D-E419-4442-A2A9-3DB781F2508D}"
EndProject
Global
	GlobalSection(SolutionConfigurationPlatforms) = preSolution
		Debug|Any CPU = Debug|Any CPU
		Release|Any CPU = Release|Any CPU
	EndGlobalSection
	GlobalSection(ProjectConfigurationPlatforms) = postSolution
		{0067135D-E419-4442-A2A9-3DB781F2508D}.Debug|Any CPU.ActiveCfg = Debug|Any CPU
		{0067135D-E419-4442-A2A9-3DB781F2508D}.Debug|Any CPU.Build.0 = Debug|Any CPU
		{0067135D-E419-4442-A2A9-3DB781F2508D}.Release|Any CPU.ActiveCfg = Release|Any CPU
		{0067135D-E419-4442-A2A9-3DB781F2508D}.Release|Any CPU.Build.0 = Release|Any CPU
	EndGlobalSection
	GlobalSection(SolutionProperties) = preSolution
		HideSolutionNode = FALSE
	EndGlobalSection
	GlobalSection(ExtensibilityGlobals) = postSolution
		SolutionGuid = {29522BB1-1D2B-4040-A8C6-14AAD020ECE7}
	EndGlobalSection
EndGlobal
